
Microsoft Visual Studio Solution File, Format Version 12.00
Project("{2150E333-8FDC-42A3-9474-1A3956D46DE8}") = "backend", "backend", "{28A678DB-F77F-43D4-B011-45BB560A779D}"
EndProject
Project("{2150E333-8FDC-42A3-9474-1A3956D46DE8}") = "libraries", "libraries", "{CADB78F8-13F9-40A8-9C61-5F9DD09A9A46}"
EndProject
Project("{2150E333-8FDC-42A3-9474-1A3956D46DE8}") = "services", "services", "{EF97C058-AD4A-4B7F-BCC7-89726C7EAFF8}"
EndProject
Project("{2150E333-8FDC-42A3-9474-1A3956D46DE8}") = "tests", "tests", "{E6F244A8-14B5-4B8A-B226-14B9D3B6552B}"
EndProject
Project("{2150E333-8FDC-42A3-9474-1A3956D46DE8}") = "telephony", "telephony", "{73CEFB34-9CF2-43CE-A9CB-41F2361949D7}"
EndProject
Project("{FAE04EC0-301F-11D3-BF4B-00C04F79EFBC}") = "KL.Caller.Leads", "backend\services\caller-leads\KL.Caller.Leads.csproj", "{63A5ED1E-46BE-43F2-9E5F-480C93641CED}"
EndProject
Project("{FAE04EC0-301F-11D3-BF4B-00C04F79EFBC}") = "KL.Call.Mixer", "backend\services\call-mixer\KL.Call.Mixer.csproj", "{9C70EF37-8664-4E03-8E4D-0E07F17A849E}"
EndProject
Project("{FAE04EC0-301F-11D3-BF4B-00C04F79EFBC}") = "KL.Engine.Rule", "backend\services\engine-rule\KL.Engine.Rule.csproj", "{C4C2359F-D259-4619-A9C5-7D8DD12827A0}"
EndProject
Project("{FAE04EC0-301F-11D3-BF4B-00C04F79EFBC}") = "KL.Provider.Leads", "backend\services\provider-leads\KL.Provider.Leads.csproj", "{00A74C36-AC54-49B1-87E7-1F961144638C}"
EndProject
Project("{FAE04EC0-301F-11D3-BF4B-00C04F79EFBC}") = "KL.Statistics", "backend\services\statistic\KL.Statistics.csproj", "{C6DEE2B6-92F4-473C-AC27-3841F6EEA8A8}"
EndProject
Project("{FAE04EC0-301F-11D3-BF4B-00C04F79EFBC}") = "KL.SIP.Bridge", "backend\telephony\sip-bridge\KL.SIP.Bridge.csproj", "{6DAC72AE-10B6-4B1E-9D7A-171E983C39FF}"
EndProject
Project("{FAE04EC0-301F-11D3-BF4B-00C04F79EFBC}") = "KL.Stun", "backend\telephony\stun\KL.Stun.csproj", "{369ADAAC-088F-4EC8-8A17-26B7FE06928A}"
EndProject
Project("{FAE04EC0-301F-11D3-BF4B-00C04F79EFBC}") = "SIPSorcery", "backend\telephony\sipsorcery\src\SIPSorcery.csproj", "{28ABA627-7EA1-455C-8EEB-574A0C63EB17}"
EndProject
Project("{FAE04EC0-301F-11D3-BF4B-00C04F79EFBC}") = "KL.Agent.API.Tests", "backend\tests\agent-api\KL.Agent.API.Tests.csproj", "{C0020E31-9300-48B3-9B7A-9DB2FFA09F04}"
EndProject
Project("{FAE04EC0-301F-11D3-BF4B-00C04F79EFBC}") = "KL.Manager.API.Tests", "backend\tests\manager-api\KL.Manager.API.Tests.csproj", "{AB033DF9-11A1-4E1E-9497-6D60807AEB6D}"
EndProject
Project("{FAE04EC0-301F-11D3-BF4B-00C04F79EFBC}") = "KL.Agent.API", "backend\agent-api\KL.Agent.API.csproj", "{A798C045-8CA1-44EE-A298-466FEAAE3856}"
EndProject
Project("{FAE04EC0-301F-11D3-BF4B-00C04F79EFBC}") = "KL.Manager.API", "backend\manager-api\KL.Manager.API.csproj", "{3A9E1AF6-12DC-4A63-A1A0-E88A1B553417}"
EndProject
Project("{2150E333-8FDC-42A3-9474-1A3956D46DE8}") = "services", "services", "{95A4DCD7-8780-4594-B00B-14B6B5964084}"
EndProject
Project("{FAE04EC0-301F-11D3-BF4B-00C04F79EFBC}") = "KL.Caller.Leads.Tests", "backend\tests\services\caller-leads\KL.Caller.Leads.Tests.csproj", "{C26022F8-CE96-4BA5-BC22-5AAB55ABD05D}"
EndProject
Project("{FAE04EC0-301F-11D3-BF4B-00C04F79EFBC}") = "KL.Engine.Benchmark.Tests", "backend\tests\services\engine-benchmark\KL.Engine.Benchmark.Tests.csproj", "{62579506-F880-4C0F-87DD-12FCB75196C2}"
EndProject
Project("{FAE04EC0-301F-11D3-BF4B-00C04F79EFBC}") = "KL.Engine.Rule.Tests", "backend\tests\services\engine-rule\KL.Engine.Rule.Tests.csproj", "{227C9F25-DE08-47F7-9565-BB81A2ED7995}"
EndProject
Project("{FAE04EC0-301F-11D3-BF4B-00C04F79EFBC}") = "KL.Provider.Leads.Tests", "backend\tests\services\provider-leads\KL.Provider.Leads.Tests.csproj", "{6F2B9525-5A7E-43EB-B334-15BBFE645CED}"
EndProject
Project("{FAE04EC0-301F-11D3-BF4B-00C04F79EFBC}") = "KL.Auth", "backend\libraries\KL.Auth\KL.Auth.csproj", "{99D5C434-C3AB-44E9-A4A2-4A04178FF7E3}"
EndProject
Project("{FAE04EC0-301F-11D3-BF4B-00C04F79EFBC}") = "KL.HealthCheck", "backend\libraries\KL.HealthCheck\KL.HealthCheck.csproj", "{2E2D0012-C64F-45C7-A797-5A9F5C0A6C61}"
EndProject
Project("{FAE04EC0-301F-11D3-BF4B-00C04F79EFBC}") = "KL.MySql", "backend\libraries\KL.MySql\KL.MySql.csproj", "{29B20C17-B896-487A-B0B1-B2BF2618226A}"
EndProject
Project("{FAE04EC0-301F-11D3-BF4B-00C04F79EFBC}") = "KL.Nats", "backend\libraries\KL.Nats\KL.Nats.csproj", "{07E9D3EB-AC5C-4527-A93C-32C5E6F752E9}"
EndProject
Project("{FAE04EC0-301F-11D3-BF4B-00C04F79EFBC}") = "KL.RabbitMq", "backend\libraries\KL.RabbitMq\KL.RabbitMq.csproj", "{B082FB4A-92F9-480C-8B3B-FC01FBA6C85A}"
EndProject
Project("{FAE04EC0-301F-11D3-BF4B-00C04F79EFBC}") = "KL.Storage", "backend\libraries\KL.Storage\KL.Storage.csproj", "{E28AA70F-CCD8-4334-BB2B-21ED826C670A}"
EndProject
Global
	GlobalSection(SolutionConfigurationPlatforms) = preSolution
		Debug|Any CPU = Debug|Any CPU
		Release|Any CPU = Release|Any CPU
	EndGlobalSection
	GlobalSection(NestedProjects) = preSolution
		{CADB78F8-13F9-40A8-9C61-5F9DD09A9A46} = {28A678DB-F77F-43D4-B011-45BB560A779D}
		{EF97C058-AD4A-4B7F-BCC7-89726C7EAFF8} = {28A678DB-F77F-43D4-B011-45BB560A779D}
		{E6F244A8-14B5-4B8A-B226-14B9D3B6552B} = {28A678DB-F77F-43D4-B011-45BB560A779D}
		{73CEFB34-9CF2-43CE-A9CB-41F2361949D7} = {28A678DB-F77F-43D4-B011-45BB560A779D}
		{63A5ED1E-46BE-43F2-9E5F-480C93641CED} = {EF97C058-AD4A-4B7F-BCC7-89726C7EAFF8}
		{9C70EF37-8664-4E03-8E4D-0E07F17A849E} = {EF97C058-AD4A-4B7F-BCC7-89726C7EAFF8}
		{C4C2359F-D259-4619-A9C5-7D8DD12827A0} = {EF97C058-AD4A-4B7F-BCC7-89726C7EAFF8}
		{00A74C36-AC54-49B1-87E7-1F961144638C} = {EF97C058-AD4A-4B7F-BCC7-89726C7EAFF8}
		{C6DEE2B6-92F4-473C-AC27-3841F6EEA8A8} = {EF97C058-AD4A-4B7F-BCC7-89726C7EAFF8}
		{6DAC72AE-10B6-4B1E-9D7A-171E983C39FF} = {73CEFB34-9CF2-43CE-A9CB-41F2361949D7}
		{369ADAAC-088F-4EC8-8A17-26B7FE06928A} = {73CEFB34-9CF2-43CE-A9CB-41F2361949D7}
		{28ABA627-7EA1-455C-8EEB-574A0C63EB17} = {73CEFB34-9CF2-43CE-A9CB-41F2361949D7}
		{C0020E31-9300-48B3-9B7A-9DB2FFA09F04} = {E6F244A8-14B5-4B8A-B226-14B9D3B6552B}
		{AB033DF9-11A1-4E1E-9497-6D60807AEB6D} = {E6F244A8-14B5-4B8A-B226-14B9D3B6552B}
		{A798C045-8CA1-44EE-A298-466FEAAE3856} = {28A678DB-F77F-43D4-B011-45BB560A779D}
		{3A9E1AF6-12DC-4A63-A1A0-E88A1B553417} = {28A678DB-F77F-43D4-B011-45BB560A779D}
		{95A4DCD7-8780-4594-B00B-14B6B5964084} = {E6F244A8-14B5-4B8A-B226-14B9D3B6552B}
		{C26022F8-CE96-4BA5-BC22-5AAB55ABD05D} = {95A4DCD7-8780-4594-B00B-14B6B5964084}
		{62579506-F880-4C0F-87DD-12FCB75196C2} = {95A4DCD7-8780-4594-B00B-14B6B5964084}
		{227C9F25-DE08-47F7-9565-BB81A2ED7995} = {95A4DCD7-8780-4594-B00B-14B6B5964084}
		{6F2B9525-5A7E-43EB-B334-15BBFE645CED} = {95A4DCD7-8780-4594-B00B-14B6B5964084}
		{99D5C434-C3AB-44E9-A4A2-4A04178FF7E3} = {CADB78F8-13F9-40A8-9C61-5F9DD09A9A46}
		{2E2D0012-C64F-45C7-A797-5A9F5C0A6C61} = {CADB78F8-13F9-40A8-9C61-5F9DD09A9A46}
		{29B20C17-B896-487A-B0B1-B2BF2618226A} = {CADB78F8-13F9-40A8-9C61-5F9DD09A9A46}
		{07E9D3EB-AC5C-4527-A93C-32C5E6F752E9} = {CADB78F8-13F9-40A8-9C61-5F9DD09A9A46}
		{B082FB4A-92F9-480C-8B3B-FC01FBA6C85A} = {CADB78F8-13F9-40A8-9C61-5F9DD09A9A46}
		{E28AA70F-CCD8-4334-BB2B-21ED826C670A} = {CADB78F8-13F9-40A8-9C61-5F9DD09A9A46}
	EndGlobalSection
	GlobalSection(ProjectConfigurationPlatforms) = postSolution
		{63A5ED1E-46BE-43F2-9E5F-480C93641CED}.Debug|Any CPU.ActiveCfg = Debug|Any CPU
		{63A5ED1E-46BE-43F2-9E5F-480C93641CED}.Debug|Any CPU.Build.0 = Debug|Any CPU
		{63A5ED1E-46BE-43F2-9E5F-480C93641CED}.Release|Any CPU.ActiveCfg = Release|Any CPU
		{63A5ED1E-46BE-43F2-9E5F-480C93641CED}.Release|Any CPU.Build.0 = Release|Any CPU
		{9C70EF37-8664-4E03-8E4D-0E07F17A849E}.Debug|Any CPU.ActiveCfg = Debug|Any CPU
		{9C70EF37-8664-4E03-8E4D-0E07F17A849E}.Debug|Any CPU.Build.0 = Debug|Any CPU
		{9C70EF37-8664-4E03-8E4D-0E07F17A849E}.Release|Any CPU.ActiveCfg = Release|Any CPU
		{9C70EF37-8664-4E03-8E4D-0E07F17A849E}.Release|Any CPU.Build.0 = Release|Any CPU
		{C4C2359F-D259-4619-A9C5-7D8DD12827A0}.Debug|Any CPU.ActiveCfg = Debug|Any CPU
		{C4C2359F-D259-4619-A9C5-7D8DD12827A0}.Debug|Any CPU.Build.0 = Debug|Any CPU
		{C4C2359F-D259-4619-A9C5-7D8DD12827A0}.Release|Any CPU.ActiveCfg = Release|Any CPU
		{C4C2359F-D259-4619-A9C5-7D8DD12827A0}.Release|Any CPU.Build.0 = Release|Any CPU
		{00A74C36-AC54-49B1-87E7-1F961144638C}.Debug|Any CPU.ActiveCfg = Debug|Any CPU
		{00A74C36-AC54-49B1-87E7-1F961144638C}.Debug|Any CPU.Build.0 = Debug|Any CPU
		{00A74C36-AC54-49B1-87E7-1F961144638C}.Release|Any CPU.ActiveCfg = Release|Any CPU
		{00A74C36-AC54-49B1-87E7-1F961144638C}.Release|Any CPU.Build.0 = Release|Any CPU
		{C6DEE2B6-92F4-473C-AC27-3841F6EEA8A8}.Debug|Any CPU.ActiveCfg = Debug|Any CPU
		{C6DEE2B6-92F4-473C-AC27-3841F6EEA8A8}.Debug|Any CPU.Build.0 = Debug|Any CPU
		{C6DEE2B6-92F4-473C-AC27-3841F6EEA8A8}.Release|Any CPU.ActiveCfg = Release|Any CPU
		{C6DEE2B6-92F4-473C-AC27-3841F6EEA8A8}.Release|Any CPU.Build.0 = Release|Any CPU
		{6DAC72AE-10B6-4B1E-9D7A-171E983C39FF}.Debug|Any CPU.ActiveCfg = Debug|Any CPU
		{6DAC72AE-10B6-4B1E-9D7A-171E983C39FF}.Debug|Any CPU.Build.0 = Debug|Any CPU
		{6DAC72AE-10B6-4B1E-9D7A-171E983C39FF}.Release|Any CPU.ActiveCfg = Release|Any CPU
		{6DAC72AE-10B6-4B1E-9D7A-171E983C39FF}.Release|Any CPU.Build.0 = Release|Any CPU
		{369ADAAC-088F-4EC8-8A17-26B7FE06928A}.Debug|Any CPU.ActiveCfg = Debug|Any CPU
		{369ADAAC-088F-4EC8-8A17-26B7FE06928A}.Debug|Any CPU.Build.0 = Debug|Any CPU
		{369ADAAC-088F-4EC8-8A17-26B7FE06928A}.Release|Any CPU.ActiveCfg = Release|Any CPU
		{369ADAAC-088F-4EC8-8A17-26B7FE06928A}.Release|Any CPU.Build.0 = Release|Any CPU
		{28ABA627-7EA1-455C-8EEB-574A0C63EB17}.Debug|Any CPU.ActiveCfg = Debug|Any CPU
		{28ABA627-7EA1-455C-8EEB-574A0C63EB17}.Debug|Any CPU.Build.0 = Debug|Any CPU
		{28ABA627-7EA1-455C-8EEB-574A0C63EB17}.Release|Any CPU.ActiveCfg = Release|Any CPU
		{28ABA627-7EA1-455C-8EEB-574A0C63EB17}.Release|Any CPU.Build.0 = Release|Any CPU
		{C0020E31-9300-48B3-9B7A-9DB2FFA09F04}.Debug|Any CPU.ActiveCfg = Debug|Any CPU
		{C0020E31-9300-48B3-9B7A-9DB2FFA09F04}.Debug|Any CPU.Build.0 = Debug|Any CPU
		{C0020E31-9300-48B3-9B7A-9DB2FFA09F04}.Release|Any CPU.ActiveCfg = Release|Any CPU
		{C0020E31-9300-48B3-9B7A-9DB2FFA09F04}.Release|Any CPU.Build.0 = Release|Any CPU
		{AB033DF9-11A1-4E1E-9497-6D60807AEB6D}.Debug|Any CPU.ActiveCfg = Debug|Any CPU
		{AB033DF9-11A1-4E1E-9497-6D60807AEB6D}.Debug|Any CPU.Build.0 = Debug|Any CPU
		{AB033DF9-11A1-4E1E-9497-6D60807AEB6D}.Release|Any CPU.ActiveCfg = Release|Any CPU
		{AB033DF9-11A1-4E1E-9497-6D60807AEB6D}.Release|Any CPU.Build.0 = Release|Any CPU
		{A798C045-8CA1-44EE-A298-466FEAAE3856}.Debug|Any CPU.ActiveCfg = Debug|Any CPU
		{A798C045-8CA1-44EE-A298-466FEAAE3856}.Debug|Any CPU.Build.0 = Debug|Any CPU
		{A798C045-8CA1-44EE-A298-466FEAAE3856}.Release|Any CPU.ActiveCfg = Release|Any CPU
		{A798C045-8CA1-44EE-A298-466FEAAE3856}.Release|Any CPU.Build.0 = Release|Any CPU
		{3A9E1AF6-12DC-4A63-A1A0-E88A1B553417}.Debug|Any CPU.ActiveCfg = Debug|Any CPU
		{3A9E1AF6-12DC-4A63-A1A0-E88A1B553417}.Debug|Any CPU.Build.0 = Debug|Any CPU
		{3A9E1AF6-12DC-4A63-A1A0-E88A1B553417}.Release|Any CPU.ActiveCfg = Release|Any CPU
		{3A9E1AF6-12DC-4A63-A1A0-E88A1B553417}.Release|Any CPU.Build.0 = Release|Any CPU
		{C26022F8-CE96-4BA5-BC22-5AAB55ABD05D}.Debug|Any CPU.ActiveCfg = Debug|Any CPU
		{C26022F8-CE96-4BA5-BC22-5AAB55ABD05D}.Debug|Any CPU.Build.0 = Debug|Any CPU
		{C26022F8-CE96-4BA5-BC22-5AAB55ABD05D}.Release|Any CPU.ActiveCfg = Release|Any CPU
		{C26022F8-CE96-4BA5-BC22-5AAB55ABD05D}.Release|Any CPU.Build.0 = Release|Any CPU
		{62579506-F880-4C0F-87DD-12FCB75196C2}.Debug|Any CPU.ActiveCfg = Debug|Any CPU
		{62579506-F880-4C0F-87DD-12FCB75196C2}.Debug|Any CPU.Build.0 = Debug|Any CPU
		{62579506-F880-4C0F-87DD-12FCB75196C2}.Release|Any CPU.ActiveCfg = Release|Any CPU
		{62579506-F880-4C0F-87DD-12FCB75196C2}.Release|Any CPU.Build.0 = Release|Any CPU
		{227C9F25-DE08-47F7-9565-BB81A2ED7995}.Debug|Any CPU.ActiveCfg = Debug|Any CPU
		{227C9F25-DE08-47F7-9565-BB81A2ED7995}.Debug|Any CPU.Build.0 = Debug|Any CPU
		{227C9F25-DE08-47F7-9565-BB81A2ED7995}.Release|Any CPU.ActiveCfg = Release|Any CPU
		{227C9F25-DE08-47F7-9565-BB81A2ED7995}.Release|Any CPU.Build.0 = Release|Any CPU
		{6F2B9525-5A7E-43EB-B334-15BBFE645CED}.Debug|Any CPU.ActiveCfg = Debug|Any CPU
		{6F2B9525-5A7E-43EB-B334-15BBFE645CED}.Debug|Any CPU.Build.0 = Debug|Any CPU
		{6F2B9525-5A7E-43EB-B334-15BBFE645CED}.Release|Any CPU.ActiveCfg = Release|Any CPU
		{6F2B9525-5A7E-43EB-B334-15BBFE645CED}.Release|Any CPU.Build.0 = Release|Any CPU
		{99D5C434-C3AB-44E9-A4A2-4A04178FF7E3}.Debug|Any CPU.ActiveCfg = Debug|Any CPU
		{99D5C434-C3AB-44E9-A4A2-4A04178FF7E3}.Debug|Any CPU.Build.0 = Debug|Any CPU
		{99D5C434-C3AB-44E9-A4A2-4A04178FF7E3}.Release|Any CPU.ActiveCfg = Release|Any CPU
		{99D5C434-C3AB-44E9-A4A2-4A04178FF7E3}.Release|Any CPU.Build.0 = Release|Any CPU
		{2E2D0012-C64F-45C7-A797-5A9F5C0A6C61}.Debug|Any CPU.ActiveCfg = Debug|Any CPU
		{2E2D0012-C64F-45C7-A797-5A9F5C0A6C61}.Debug|Any CPU.Build.0 = Debug|Any CPU
		{2E2D0012-C64F-45C7-A797-5A9F5C0A6C61}.Release|Any CPU.ActiveCfg = Release|Any CPU
		{2E2D0012-C64F-45C7-A797-5A9F5C0A6C61}.Release|Any CPU.Build.0 = Release|Any CPU
		{29B20C17-B896-487A-B0B1-B2BF2618226A}.Debug|Any CPU.ActiveCfg = Debug|Any CPU
		{29B20C17-B896-487A-B0B1-B2BF2618226A}.Debug|Any CPU.Build.0 = Debug|Any CPU
		{29B20C17-B896-487A-B0B1-B2BF2618226A}.Release|Any CPU.ActiveCfg = Release|Any CPU
		{29B20C17-B896-487A-B0B1-B2BF2618226A}.Release|Any CPU.Build.0 = Release|Any CPU
		{07E9D3EB-AC5C-4527-A93C-32C5E6F752E9}.Debug|Any CPU.ActiveCfg = Debug|Any CPU
		{07E9D3EB-AC5C-4527-A93C-32C5E6F752E9}.Debug|Any CPU.Build.0 = Debug|Any CPU
		{07E9D3EB-AC5C-4527-A93C-32C5E6F752E9}.Release|Any CPU.ActiveCfg = Release|Any CPU
		{07E9D3EB-AC5C-4527-A93C-32C5E6F752E9}.Release|Any CPU.Build.0 = Release|Any CPU
		{B082FB4A-92F9-480C-8B3B-FC01FBA6C85A}.Debug|Any CPU.ActiveCfg = Debug|Any CPU
		{B082FB4A-92F9-480C-8B3B-FC01FBA6C85A}.Debug|Any CPU.Build.0 = Debug|Any CPU
		{B082FB4A-92F9-480C-8B3B-FC01FBA6C85A}.Release|Any CPU.ActiveCfg = Release|Any CPU
		{B082FB4A-92F9-480C-8B3B-FC01FBA6C85A}.Release|Any CPU.Build.0 = Release|Any CPU
		{E28AA70F-CCD8-4334-BB2B-21ED826C670A}.Debug|Any CPU.ActiveCfg = Debug|Any CPU
		{E28AA70F-CCD8-4334-BB2B-21ED826C670A}.Debug|Any CPU.Build.0 = Debug|Any CPU
		{E28AA70F-CCD8-4334-BB2B-21ED826C670A}.Release|Any CPU.ActiveCfg = Release|Any CPU
		{E28AA70F-CCD8-4334-BB2B-21ED826C670A}.Release|Any CPU.Build.0 = Release|Any CPU
	EndGlobalSection
EndGlobal
